
Microsoft Visual Studio Solution File, Format Version 12.00
# Visual Studio Version 16
VisualStudioVersion = 16.0.29512.175
MinimumVisualStudioVersion = 10.0.40219.1
Project("{9A19103F-16F7-4668-BE54-9A1E7A4F7556}") = "SimpleMediatorPattern", "SimpleMediator/SimpleMediatorPattern.csproj", "{471D8E7A-7A7F-4FA5-8AA2-056AA02DB4E2}"
EndProject
Global
	GlobalSection(SolutionConfigurationPlatforms) = preSolution
		Debug|Any CPU = Debug|Any CPU
		Release|Any CPU = Release|Any CPU
	EndGlobalSection
	GlobalSection(ProjectConfigurationPlatforms) = postSolution
		{471D8E7A-7A7F-4FA5-8AA2-056AA02DB4E2}.Debug|Any CPU.ActiveCfg = Debug|Any CPU
		{471D8E7A-7A7F-4FA5-8AA2-056AA02DB4E2}.Debug|Any CPU.Build.0 = Debug|Any CPU
		{471D8E7A-7A7F-4FA5-8AA2-056AA02DB4E2}.Release|Any CPU.ActiveCfg = Release|Any CPU
		{471D8E7A-7A7F-4FA5-8AA2-056AA02DB4E2}.Release|Any CPU.Build.0 = Release|Any CPU
	EndGlobalSection
	GlobalSection(SolutionProperties) = preSolution
		HideSolutionNode = FALSE
	EndGlobalSection
	GlobalSection(ExtensibilityGlobals) = postSolution
		SolutionGuid = {FCCD7578-FB27-4883-BF01-693E37544A61}
	EndGlobalSection
EndGlobal
